
Microsoft Visual Studio Solution File, Format Version 12.00
# Visual Studio 15
VisualStudioVersion = 15.0.28010.2016
MinimumVisualStudioVersion = 10.0.40219.1
Project("{8BC9CEB8-8B4A-11D0-8D11-00A0C91BC942}") = "Projetc2", "Projetc2.vcxproj", "{4EE94ACE-9C42-4A94-901F-8FEA082282BE}"
EndProject
Project("{2150E333-8FDC-42A3-9474-1A3956D46DE8}") = "Includes", "Includes", "{A5FE6EC9-BF53-4F70-AC5C-34FBCEE261C5}"
	ProjectSection(SolutionItems) = preProject
		CheckeredFloor.h = CheckeredFloor.h
	EndProjectSection
EndProject
Global
	GlobalSection(SolutionConfigurationPlatforms) = preSolution
		Debug|x64 = Debug|x64
		Debug|x86 = Debug|x86
		Release|x64 = Release|x64
		Release|x86 = Release|x86
	EndGlobalSection
	GlobalSection(ProjectConfigurationPlatforms) = postSolution
		{4EE94ACE-9C42-4A94-901F-8FEA082282BE}.Debug|x64.ActiveCfg = Debug|x64
		{4EE94ACE-9C42-4A94-901F-8FEA082282BE}.Debug|x64.Build.0 = Debug|x64
		{4EE94ACE-9C42-4A94-901F-8FEA082282BE}.Debug|x86.ActiveCfg = Debug|Win32
		{4EE94ACE-9C42-4A94-901F-8FEA082282BE}.Debug|x86.Build.0 = Debug|Win32
		{4EE94ACE-9C42-4A94-901F-8FEA082282BE}.Release|x64.ActiveCfg = Release|x64
		{4EE94ACE-9C42-4A94-901F-8FEA082282BE}.Release|x64.Build.0 = Release|x64
		{4EE94ACE-9C42-4A94-901F-8FEA082282BE}.Release|x86.ActiveCfg = Release|Win32
		{4EE94ACE-9C42-4A94-901F-8FEA082282BE}.Release|x86.Build.0 = Release|Win32
	EndGlobalSection
	GlobalSection(SolutionProperties) = preSolution
		HideSolutionNode = FALSE
	EndGlobalSection
	GlobalSection(ExtensibilityGlobals) = postSolution
		SolutionGuid = {2041A156-E441-4833-B1F9-46F9B5880827}
	EndGlobalSection
EndGlobal
